PODS:
  - ALActionBlocks (1.0.3)
  - Masonry (0.6.3)
  - THObserversAndBinders (1.0.0)

DEPENDENCIES:
  - ALActionBlocks
  - Masonry
  - THObserversAndBinders

SPEC CHECKSUMS:
  ALActionBlocks: ac91b1a37b60a8004fb687ddade0600446f3d3fa
  Masonry: ff105a956abcd19a618b2028b121cb638d7a8e2f
  THObserversAndBinders: 668781c62c0060317e58c93fe22f59f77d9da8d7

COCOAPODS: 0.39.0
