PODS:
  - ALActionBlocks (1.0.3)
  - Masonry (0.4.0)
  - THObserversAndBinders (1.0.0)

DEPENDENCIES:
  - ALActionBlocks
  - Masonry
  - THObserversAndBinders

SPEC CHECKSUMS:
  ALActionBlocks: ddb7dfc87c82aff450717f9b0e8b29ee55be5b6a
  Masonry: d673617c9cbc24aaea90fba20b10e47fd9970a39
  THObserversAndBinders: 5f0e709e8b704a8646ffdee9beb01a8aefc1dcb2

COCOAPODS: 0.29.0
